
Microsoft Visual Studio Solution File, Format Version 12.00
# Visual Studio Version 17
VisualStudioVersion = 17.9.34701.34
MinimumVisualStudioVersion = 10.0.40219.1
Project("{FAE04EC0-301F-11D3-BF4B-00C04F79EFBC}") = "Smart_Canteen_BE", "Smart_Canteen_BE\Smart_Canteen_BE.csproj", "{A1E1F0FB-A4A2-4C0B-AB6E-14BCF5A54C84}"
EndProject
Global
	GlobalSection(SolutionConfigurationPlatforms) = preSolution
		Debug|Any CPU = Debug|Any CPU
		Release|Any CPU = Release|Any CPU
	EndGlobalSection
	GlobalSection(ProjectConfigurationPlatforms) = postSolution
		{A1E1F0FB-A4A2-4C0B-AB6E-14BCF5A54C84}.Debug|Any CPU.ActiveCfg = Debug|Any CPU
		{A1E1F0FB-A4A2-4C0B-AB6E-14BCF5A54C84}.Debug|Any CPU.Build.0 = Debug|Any CPU
		{A1E1F0FB-A4A2-4C0B-AB6E-14BCF5A54C84}.Release|Any CPU.ActiveCfg = Release|Any CPU
		{A1E1F0FB-A4A2-4C0B-AB6E-14BCF5A54C84}.Release|Any CPU.Build.0 = Release|Any CPU
	EndGlobalSection
	GlobalSection(SolutionProperties) = preSolution
		HideSolutionNode = FALSE
	EndGlobalSection
	GlobalSection(ExtensibilityGlobals) = postSolution
		SolutionGuid = {BCCDBCAE-05A8-44C8-8552-F8060ED2F766}
	EndGlobalSection
EndGlobal
